
Microsoft Visual Studio Solution File, Format Version 12.00
# Visual Studio Version 16
VisualStudioVersion = 16.0.32002.261
MinimumVisualStudioVersion = 10.0.40219.1
Project("{FAE04EC0-301F-11D3-BF4B-00C04F79EFBC}") = "Module2HW2", "Module2HW2\Module2HW2.csproj", "{A27FC188-948F-41FA-A57F-2D1E64CD4A04}"
EndProject
Global
	GlobalSection(SolutionConfigurationPlatforms) = preSolution
		Debug|Any CPU = Debug|Any CPU
		Release|Any CPU = Release|Any CPU
	EndGlobalSection
	GlobalSection(ProjectConfigurationPlatforms) = postSolution
		{A27FC188-948F-41FA-A57F-2D1E64CD4A04}.Debug|Any CPU.ActiveCfg = Debug|Any CPU
		{A27FC188-948F-41FA-A57F-2D1E64CD4A04}.Debug|Any CPU.Build.0 = Debug|Any CPU
		{A27FC188-948F-41FA-A57F-2D1E64CD4A04}.Release|Any CPU.ActiveCfg = Release|Any CPU
		{A27FC188-948F-41FA-A57F-2D1E64CD4A04}.Release|Any CPU.Build.0 = Release|Any CPU
	EndGlobalSection
	GlobalSection(SolutionProperties) = preSolution
		HideSolutionNode = FALSE
	EndGlobalSection
	GlobalSection(ExtensibilityGlobals) = postSolution
		SolutionGuid = {82419F7F-24CA-42D2-9A6C-A9C09A6FCB24}
	EndGlobalSection
EndGlobal
